
Microsoft Visual Studio Solution File, Format Version 12.00
# Visual Studio Version 16
VisualStudioVersion = 16.0.30114.105
MinimumVisualStudioVersion = 10.0.40219.1
Project("{FAE04EC0-301F-11D3-BF4B-00C04F79EFBC}") = "WebAppMold", "WebAppMold\WebAppMold.csproj", "{CA25A75C-0929-4620-BD7C-67250A368AEE}"
EndProject
Global
	GlobalSection(SolutionConfigurationPlatforms) = preSolution
		Debug|Any CPU = Debug|Any CPU
		Release|Any CPU = Release|Any CPU
	EndGlobalSection
	GlobalSection(ProjectConfigurationPlatforms) = postSolution
		{CA25A75C-0929-4620-BD7C-67250A368AEE}.Debug|Any CPU.ActiveCfg = Debug|Any CPU
		{CA25A75C-0929-4620-BD7C-67250A368AEE}.Debug|Any CPU.Build.0 = Debug|Any CPU
		{CA25A75C-0929-4620-BD7C-67250A368AEE}.Release|Any CPU.ActiveCfg = Release|Any CPU
		{CA25A75C-0929-4620-BD7C-67250A368AEE}.Release|Any CPU.Build.0 = Release|Any CPU
	EndGlobalSection
	GlobalSection(SolutionProperties) = preSolution
		HideSolutionNode = FALSE
	EndGlobalSection
	GlobalSection(ExtensibilityGlobals) = postSolution
		SolutionGuid = {0EAFE036-A704-4C57-A5D5-2FD8F898C485}
	EndGlobalSection
EndGlobal
